
Microsoft Visual Studio Solution File, Format Version 12.00
# Visual Studio Version 17
VisualStudioVersion = 17.0.32002.185
MinimumVisualStudioVersion = 10.0.40219.1
Project("{9A19103F-16F7-4668-BE54-9A1E7A4F7556}") = "Loom.EventSourcing.Contracts", "Loom.EventSourcing.Contracts\Loom.EventSourcing.Contracts.csproj", "{DA4BE9BE-C7F4-4C94-B4D6-BD35C72055F0}"
EndProject
Project("{9A19103F-16F7-4668-BE54-9A1E7A4F7556}") = "Loom.Messaging.Contracts", "Loom.Messaging.Contracts\Loom.Messaging.Contracts.csproj", "{2BE6AF73-D8F9-40BD-AB4F-A6ED8D2299FD}"
EndProject
Project("{9A19103F-16F7-4668-BE54-9A1E7A4F7556}") = "Loom.EventSourcing.Abstraction", "Loom.EventSourcing.Abstraction\Loom.EventSourcing.Abstraction.csproj", "{1A66E5C2-24C3-4061-B106-C30E1401A0F2}"
EndProject
Project("{9A19103F-16F7-4668-BE54-9A1E7A4F7556}") = "Loom.Tests", "Loom.Tests\Loom.Tests.csproj", "{7AC000D6-2389-48CD-87CA-8A8E760BFAB8}"
EndProject
Project("{9A19103F-16F7-4668-BE54-9A1E7A4F7556}") = "Loom.EventSourcing.EntityFrameworkCore", "Loom.EventSourcing.EntityFrameworkCore\Loom.EventSourcing.EntityFrameworkCore.csproj", "{B630BD2A-F9FD-4C43-89F2-274C803863A1}"
EndProject
Project("{9A19103F-16F7-4668-BE54-9A1E7A4F7556}") = "Loom.Messaging.Abstraction", "Loom.Messaging.Abstraction\Loom.Messaging.Abstraction.csproj", "{BF8E33B2-5B9C-4A6C-8037-82046BB42F89}"
EndProject
Project("{9A19103F-16F7-4668-BE54-9A1E7A4F7556}") = "Loom.Tests.Dependency", "Loom.Tests.Dependency\Loom.Tests.Dependency.csproj", "{8821A419-F519-472C-9DF5-541E31C5241A}"
EndProject
Project("{9A19103F-16F7-4668-BE54-9A1E7A4F7556}") = "Loom.EventSourcing.Azure", "Loom.EventSourcing.Azure\Loom.EventSourcing.Azure.csproj", "{11B0A108-8303-4202-87D1-6FD50E7A12AE}"
EndProject
Project("{9A19103F-16F7-4668-BE54-9A1E7A4F7556}") = "Loom.DataAnnotations", "Loom.DataAnnotations\Loom.DataAnnotations.csproj", "{181AA609-61D1-4618-99AB-35D6C9BEBF52}"
EndProject
Project("{9A19103F-16F7-4668-BE54-9A1E7A4F7556}") = "Loom.Json.Interfaces", "Loom.Json.Interfaces\Loom.Json.Interfaces.csproj", "{FC0E390A-6F93-4370-915A-9B58F90913DC}"
EndProject
Project("{9A19103F-16F7-4668-BE54-9A1E7A4F7556}") = "Loom.Json", "Loom.Json\Loom.Json.csproj", "{C27575CB-D596-4C55-B386-FAEAD837FAE3}"
EndProject
Project("{9A19103F-16F7-4668-BE54-9A1E7A4F7556}") = "Loom.Messaging.Azure", "Loom.Messaging.Azure\Loom.Messaging.Azure.csproj", "{3A8C4BC6-3694-4CE5-B1E6-D7BFC17113C5}"
EndProject
Project("{9A19103F-16F7-4668-BE54-9A1E7A4F7556}") = "Loom.EventSourcing.InMemory", "Loom.EventSourcing.InMemory\Loom.EventSourcing.InMemory.csproj", "{592BE1DF-0376-4608-88F9-459076A8DF42}"
EndProject
Project("{2150E333-8FDC-42A3-9474-1A3956D46DE8}") = "Solution Items", "Solution Items", "{1A04C3A6-D205-44AC-93DB-B84166E52A5B}"
	ProjectSection(SolutionItems) = preProject
		..\.editorconfig = ..\.editorconfig
	EndProjectSection
EndProject
Project("{9A19103F-16F7-4668-BE54-9A1E7A4F7556}") = "Loom.Messaging.Polly", "Loom.Messaging.Polly\Loom.Messaging.Polly.csproj", "{2250B507-8088-4E64-AC27-C93E5B394417}"
EndProject
Project("{9A19103F-16F7-4668-BE54-9A1E7A4F7556}") = "Loom.Azure.Functions.Extensions.Amazon.SQS", "Loom.Azure.Functions.Extensions.Amazon.SQS\Loom.Azure.Functions.Extensions.Amazon.SQS.csproj", "{659A5D14-FB08-410C-B9C2-41157893A35F}"
EndProject
Project("{FAE04EC0-301F-11D3-BF4B-00C04F79EFBC}") = "Loom.Tests.Functions", "Loom.Tests.Functions\Loom.Tests.Functions.csproj", "{C570B3F1-6DF3-4F60-8298-4A8A53FA1E8D}"
EndProject
Global
	GlobalSection(SolutionConfigurationPlatforms) = preSolution
		Debug|Any CPU = Debug|Any CPU
		Release|Any CPU = Release|Any CPU
	EndGlobalSection
	GlobalSection(ProjectConfigurationPlatforms) = postSolution
		{DA4BE9BE-C7F4-4C94-B4D6-BD35C72055F0}.Debug|Any CPU.ActiveCfg = Debug|Any CPU
		{DA4BE9BE-C7F4-4C94-B4D6-BD35C72055F0}.Debug|Any CPU.Build.0 = Debug|Any CPU
		{DA4BE9BE-C7F4-4C94-B4D6-BD35C72055F0}.Release|Any CPU.ActiveCfg = Release|Any CPU
		{DA4BE9BE-C7F4-4C94-B4D6-BD35C72055F0}.Release|Any CPU.Build.0 = Release|Any CPU
		{2BE6AF73-D8F9-40BD-AB4F-A6ED8D2299FD}.Debug|Any CPU.ActiveCfg = Debug|Any CPU
		{2BE6AF73-D8F9-40BD-AB4F-A6ED8D2299FD}.Debug|Any CPU.Build.0 = Debug|Any CPU
		{2BE6AF73-D8F9-40BD-AB4F-A6ED8D2299FD}.Release|Any CPU.ActiveCfg = Release|Any CPU
		{2BE6AF73-D8F9-40BD-AB4F-A6ED8D2299FD}.Release|Any CPU.Build.0 = Release|Any CPU
		{1A66E5C2-24C3-4061-B106-C30E1401A0F2}.Debug|Any CPU.ActiveCfg = Debug|Any CPU
		{1A66E5C2-24C3-4061-B106-C30E1401A0F2}.Debug|Any CPU.Build.0 = Debug|Any CPU
		{1A66E5C2-24C3-4061-B106-C30E1401A0F2}.Release|Any CPU.ActiveCfg = Release|Any CPU
		{1A66E5C2-24C3-4061-B106-C30E1401A0F2}.Release|Any CPU.Build.0 = Release|Any CPU
		{7AC000D6-2389-48CD-87CA-8A8E760BFAB8}.Debug|Any CPU.ActiveCfg = Debug|Any CPU
		{7AC000D6-2389-48CD-87CA-8A8E760BFAB8}.Debug|Any CPU.Build.0 = Debug|Any CPU
		{7AC000D6-2389-48CD-87CA-8A8E760BFAB8}.Release|Any CPU.ActiveCfg = Release|Any CPU
		{7AC000D6-2389-48CD-87CA-8A8E760BFAB8}.Release|Any CPU.Build.0 = Release|Any CPU
		{B630BD2A-F9FD-4C43-89F2-274C803863A1}.Debug|Any CPU.ActiveCfg = Debug|Any CPU
		{B630BD2A-F9FD-4C43-89F2-274C803863A1}.Debug|Any CPU.Build.0 = Debug|Any CPU
		{B630BD2A-F9FD-4C43-89F2-274C803863A1}.Release|Any CPU.ActiveCfg = Release|Any CPU
		{B630BD2A-F9FD-4C43-89F2-274C803863A1}.Release|Any CPU.Build.0 = Release|Any CPU
		{BF8E33B2-5B9C-4A6C-8037-82046BB42F89}.Debug|Any CPU.ActiveCfg = Debug|Any CPU
		{BF8E33B2-5B9C-4A6C-8037-82046BB42F89}.Debug|Any CPU.Build.0 = Debug|Any CPU
		{BF8E33B2-5B9C-4A6C-8037-82046BB42F89}.Release|Any CPU.ActiveCfg = Release|Any CPU
		{BF8E33B2-5B9C-4A6C-8037-82046BB42F89}.Release|Any CPU.Build.0 = Release|Any CPU
		{8821A419-F519-472C-9DF5-541E31C5241A}.Debug|Any CPU.ActiveCfg = Debug|Any CPU
		{8821A419-F519-472C-9DF5-541E31C5241A}.Debug|Any CPU.Build.0 = Debug|Any CPU
		{8821A419-F519-472C-9DF5-541E31C5241A}.Release|Any CPU.ActiveCfg = Release|Any CPU
		{8821A419-F519-472C-9DF5-541E31C5241A}.Release|Any CPU.Build.0 = Release|Any CPU
		{11B0A108-8303-4202-87D1-6FD50E7A12AE}.Debug|Any CPU.ActiveCfg = Debug|Any CPU
		{11B0A108-8303-4202-87D1-6FD50E7A12AE}.Debug|Any CPU.Build.0 = Debug|Any CPU
		{11B0A108-8303-4202-87D1-6FD50E7A12AE}.Release|Any CPU.ActiveCfg = Release|Any CPU
		{11B0A108-8303-4202-87D1-6FD50E7A12AE}.Release|Any CPU.Build.0 = Release|Any CPU
		{181AA609-61D1-4618-99AB-35D6C9BEBF52}.Debug|Any CPU.ActiveCfg = Debug|Any CPU
		{181AA609-61D1-4618-99AB-35D6C9BEBF52}.Debug|Any CPU.Build.0 = Debug|Any CPU
		{181AA609-61D1-4618-99AB-35D6C9BEBF52}.Release|Any CPU.ActiveCfg = Release|Any CPU
		{181AA609-61D1-4618-99AB-35D6C9BEBF52}.Release|Any CPU.Build.0 = Release|Any CPU
		{FC0E390A-6F93-4370-915A-9B58F90913DC}.Debug|Any CPU.ActiveCfg = Debug|Any CPU
		{FC0E390A-6F93-4370-915A-9B58F90913DC}.Debug|Any CPU.Build.0 = Debug|Any CPU
		{FC0E390A-6F93-4370-915A-9B58F90913DC}.Release|Any CPU.ActiveCfg = Release|Any CPU
		{FC0E390A-6F93-4370-915A-9B58F90913DC}.Release|Any CPU.Build.0 = Release|Any CPU
		{C27575CB-D596-4C55-B386-FAEAD837FAE3}.Debug|Any CPU.ActiveCfg = Debug|Any CPU
		{C27575CB-D596-4C55-B386-FAEAD837FAE3}.Debug|Any CPU.Build.0 = Debug|Any CPU
		{C27575CB-D596-4C55-B386-FAEAD837FAE3}.Release|Any CPU.ActiveCfg = Release|Any CPU
		{C27575CB-D596-4C55-B386-FAEAD837FAE3}.Release|Any CPU.Build.0 = Release|Any CPU
		{3A8C4BC6-3694-4CE5-B1E6-D7BFC17113C5}.Debug|Any CPU.ActiveCfg = Debug|Any CPU
		{3A8C4BC6-3694-4CE5-B1E6-D7BFC17113C5}.Debug|Any CPU.Build.0 = Debug|Any CPU
		{3A8C4BC6-3694-4CE5-B1E6-D7BFC17113C5}.Release|Any CPU.ActiveCfg = Release|Any CPU
		{3A8C4BC6-3694-4CE5-B1E6-D7BFC17113C5}.Release|Any CPU.Build.0 = Release|Any CPU
		{592BE1DF-0376-4608-88F9-459076A8DF42}.Debug|Any CPU.ActiveCfg = Debug|Any CPU
		{592BE1DF-0376-4608-88F9-459076A8DF42}.Debug|Any CPU.Build.0 = Debug|Any CPU
		{592BE1DF-0376-4608-88F9-459076A8DF42}.Release|Any CPU.ActiveCfg = Release|Any CPU
		{592BE1DF-0376-4608-88F9-459076A8DF42}.Release|Any CPU.Build.0 = Release|Any CPU
		{2250B507-8088-4E64-AC27-C93E5B394417}.Debug|Any CPU.ActiveCfg = Debug|Any CPU
		{2250B507-8088-4E64-AC27-C93E5B394417}.Debug|Any CPU.Build.0 = Debug|Any CPU
		{2250B507-8088-4E64-AC27-C93E5B394417}.Release|Any CPU.ActiveCfg = Release|Any CPU
		{2250B507-8088-4E64-AC27-C93E5B394417}.Release|Any CPU.Build.0 = Release|Any CPU
		{659A5D14-FB08-410C-B9C2-41157893A35F}.Debug|Any CPU.ActiveCfg = Debug|Any CPU
		{659A5D14-FB08-410C-B9C2-41157893A35F}.Debug|Any CPU.Build.0 = Debug|Any CPU
		{659A5D14-FB08-410C-B9C2-41157893A35F}.Release|Any CPU.ActiveCfg = Release|Any CPU
		{659A5D14-FB08-410C-B9C2-41157893A35F}.Release|Any CPU.Build.0 = Release|Any CPU
		{C570B3F1-6DF3-4F60-8298-4A8A53FA1E8D}.Debug|Any CPU.ActiveCfg = Debug|Any CPU
		{C570B3F1-6DF3-4F60-8298-4A8A53FA1E8D}.Debug|Any CPU.Build.0 = Debug|Any CPU
		{C570B3F1-6DF3-4F60-8298-4A8A53FA1E8D}.Release|Any CPU.ActiveCfg = Release|Any CPU
		{C570B3F1-6DF3-4F60-8298-4A8A53FA1E8D}.Release|Any CPU.Build.0 = Release|Any CPU
	EndGlobalSection
	GlobalSection(SolutionProperties) = preSolution
		HideSolutionNode = FALSE
	EndGlobalSection
	GlobalSection(ExtensibilityGlobals) = postSolution
		SolutionGuid = {E65294A9-D3F4-4655-BDBA-D604EB8D29FC}
	EndGlobalSection
EndGlobal
